
Microsoft Visual Studio Solution File, Format Version 12.00
# Visual Studio Version 17
VisualStudioVersion = 17.0.32112.339
MinimumVisualStudioVersion = 10.0.40219.1
Project("{9A19103F-16F7-4668-BE54-9A1E7A4F7556}") = "A_Lenda_de_Flavio_Josephus.ConsoleApp1", "DesafiosAcad.ConsoleApp1\A_Lenda_de_Flavio_Josephus.ConsoleApp1.csproj", "{D16C598A-0230-4A44-85A4-7B27FED4738F}"
EndProject
Global
	GlobalSection(SolutionConfigurationPlatforms) = preSolution
		Debug|Any CPU = Debug|Any CPU
		Release|Any CPU = Release|Any CPU
	EndGlobalSection
	GlobalSection(ProjectConfigurationPlatforms) = postSolution
		{D16C598A-0230-4A44-85A4-7B27FED4738F}.Debug|Any CPU.ActiveCfg = Debug|Any CPU
		{D16C598A-0230-4A44-85A4-7B27FED4738F}.Debug|Any CPU.Build.0 = Debug|Any CPU
		{D16C598A-0230-4A44-85A4-7B27FED4738F}.Release|Any CPU.ActiveCfg = Release|Any CPU
		{D16C598A-0230-4A44-85A4-7B27FED4738F}.Release|Any CPU.Build.0 = Release|Any CPU
	EndGlobalSection
	GlobalSection(SolutionProperties) = preSolution
		HideSolutionNode = FALSE
	EndGlobalSection
	GlobalSection(ExtensibilityGlobals) = postSolution
		SolutionGuid = {54BB1D77-E70C-42A3-B94F-0087A687FBA3}
	EndGlobalSection
EndGlobal
